
Microsoft Visual Studio Solution File, Format Version 12.00
# Visual Studio Version 16
VisualStudioVersion = 16.0.31424.327
MinimumVisualStudioVersion = 10.0.40219.1
Project("{FAE04EC0-301F-11D3-BF4B-00C04F79EFBC}") = "WordleSolver", "WordleSolver\WordleSolver.csproj", "{151C59FD-710B-4B4E-A147-14FABBE81150}"
EndProject
Project("{FAE04EC0-301F-11D3-BF4B-00C04F79EFBC}") = "WordleSolverTests", "WordleSolverTests\WordleSolverTests.csproj", "{49BE04B4-9871-4270-97C6-10F5036F775A}"
EndProject
Global
	GlobalSection(SolutionConfigurationPlatforms) = preSolution
		Debug|Any CPU = Debug|Any CPU
		Release|Any CPU = Release|Any CPU
	EndGlobalSection
	GlobalSection(ProjectConfigurationPlatforms) = postSolution
		{151C59FD-710B-4B4E-A147-14FABBE81150}.Debug|Any CPU.ActiveCfg = Debug|Any CPU
		{151C59FD-710B-4B4E-A147-14FABBE81150}.Debug|Any CPU.Build.0 = Debug|Any CPU
		{151C59FD-710B-4B4E-A147-14FABBE81150}.Release|Any CPU.ActiveCfg = Release|Any CPU
		{151C59FD-710B-4B4E-A147-14FABBE81150}.Release|Any CPU.Build.0 = Release|Any CPU
		{49BE04B4-9871-4270-97C6-10F5036F775A}.Debug|Any CPU.ActiveCfg = Debug|Any CPU
		{49BE04B4-9871-4270-97C6-10F5036F775A}.Debug|Any CPU.Build.0 = Debug|Any CPU
		{49BE04B4-9871-4270-97C6-10F5036F775A}.Release|Any CPU.ActiveCfg = Release|Any CPU
		{49BE04B4-9871-4270-97C6-10F5036F775A}.Release|Any CPU.Build.0 = Release|Any CPU
	EndGlobalSection
	GlobalSection(SolutionProperties) = preSolution
		HideSolutionNode = FALSE
	EndGlobalSection
	GlobalSection(ExtensibilityGlobals) = postSolution
		SolutionGuid = {BA8C41A6-92E3-461F-A3EC-CF9042429637}
	EndGlobalSection
EndGlobal
